
Microsoft Visual Studio Solution File, Format Version 12.00
# Visual Studio Version 17
VisualStudioVersion = 17.14.36221.1
MinimumVisualStudioVersion = 10.0.40219.1
Project("{FAE04EC0-301F-11D3-BF4B-00C04F79EFBC}") = "PlaceMate", "PlaceMate\PlaceMate.csproj", "{3B8FF747-1176-42F6-A644-E92D889EC409}"
EndProject
Project("{FAE04EC0-301F-11D3-BF4B-00C04F79EFBC}") = "PasswordHasher", "PasswordHasher\PasswordHasher.csproj", "{0B250C8B-94A8-4DAE-9F88-81B24820532F}"
EndProject
Global
	GlobalSection(SolutionConfigurationPlatforms) = preSolution
		Debug|Any CPU = Debug|Any CPU
		Release|Any CPU = Release|Any CPU
	EndGlobalSection
	GlobalSection(ProjectConfigurationPlatforms) = postSolution
		{3B8FF747-1176-42F6-A644-E92D889EC409}.Debug|Any CPU.ActiveCfg = Debug|Any CPU
		{3B8FF747-1176-42F6-A644-E92D889EC409}.Debug|Any CPU.Build.0 = Debug|Any CPU
		{3B8FF747-1176-42F6-A644-E92D889EC409}.Release|Any CPU.ActiveCfg = Release|Any CPU
		{3B8FF747-1176-42F6-A644-E92D889EC409}.Release|Any CPU.Build.0 = Release|Any CPU
		{0B250C8B-94A8-4DAE-9F88-81B24820532F}.Debug|Any CPU.ActiveCfg = Debug|Any CPU
		{0B250C8B-94A8-4DAE-9F88-81B24820532F}.Debug|Any CPU.Build.0 = Debug|Any CPU
		{0B250C8B-94A8-4DAE-9F88-81B24820532F}.Release|Any CPU.ActiveCfg = Release|Any CPU
		{0B250C8B-94A8-4DAE-9F88-81B24820532F}.Release|Any CPU.Build.0 = Release|Any CPU
	EndGlobalSection
	GlobalSection(SolutionProperties) = preSolution
		HideSolutionNode = FALSE
	EndGlobalSection
	GlobalSection(ExtensibilityGlobals) = postSolution
		SolutionGuid = {CB36161E-98F7-4820-95F4-23402448F0E6}
	EndGlobalSection
EndGlobal
